
Microsoft Visual Studio Solution File, Format Version 12.00
# Visual Studio 15
VisualStudioVersion = 15.0.27703.2035
MinimumVisualStudioVersion = 10.0.40219.1
Project("{FAE04EC0-301F-11D3-BF4B-00C04F79EFBC}") = "RX.Gateway.WebAPI", "RX.Gateway.WebAPI\RX.Gateway.WebAPI.csproj", "{C8C18AA6-74D3-45A1-A14B-410C4D3C92F7}"
EndProject
Project("{FAE04EC0-301F-11D3-BF4B-00C04F79EFBC}") = "RX.Gateway.Model.API", "RX.Gateway.Model.API\RX.Gateway.Model.API.csproj", "{B155DEC7-A26C-4C58-B9F6-2482989CCB6F}"
EndProject
Project("{FAE04EC0-301F-11D3-BF4B-00C04F79EFBC}") = "RX.Gateway.ServiceAgent.AntiFraud", "RX.Gateway.ServiceAgent.AntiFraud\RX.Gateway.ServiceAgent.AntiFraud.csproj", "{28444372-CEF4-4A4E-9D00-95C798DC8E48}"
EndProject
Project("{FAE04EC0-301F-11D3-BF4B-00C04F79EFBC}") = "RX.Gateway.ServiceAgent.Acquirier", "RX.Gateway.ServiceAgent.Acquirier\RX.Gateway.ServiceAgent.Acquirier.csproj", "{974F1F09-FB79-45A5-AD56-D43B65A0C930}"
EndProject
Global
	GlobalSection(SolutionConfigurationPlatforms) = preSolution
		Debug|Any CPU = Debug|Any CPU
		Release|Any CPU = Release|Any CPU
	EndGlobalSection
	GlobalSection(ProjectConfigurationPlatforms) = postSolution
		{C8C18AA6-74D3-45A1-A14B-410C4D3C92F7}.Debug|Any CPU.ActiveCfg = Debug|Any CPU
		{C8C18AA6-74D3-45A1-A14B-410C4D3C92F7}.Debug|Any CPU.Build.0 = Debug|Any CPU
		{C8C18AA6-74D3-45A1-A14B-410C4D3C92F7}.Release|Any CPU.ActiveCfg = Release|Any CPU
		{C8C18AA6-74D3-45A1-A14B-410C4D3C92F7}.Release|Any CPU.Build.0 = Release|Any CPU
		{B155DEC7-A26C-4C58-B9F6-2482989CCB6F}.Debug|Any CPU.ActiveCfg = Debug|Any CPU
		{B155DEC7-A26C-4C58-B9F6-2482989CCB6F}.Debug|Any CPU.Build.0 = Debug|Any CPU
		{B155DEC7-A26C-4C58-B9F6-2482989CCB6F}.Release|Any CPU.ActiveCfg = Release|Any CPU
		{B155DEC7-A26C-4C58-B9F6-2482989CCB6F}.Release|Any CPU.Build.0 = Release|Any CPU
		{28444372-CEF4-4A4E-9D00-95C798DC8E48}.Debug|Any CPU.ActiveCfg = Debug|Any CPU
		{28444372-CEF4-4A4E-9D00-95C798DC8E48}.Debug|Any CPU.Build.0 = Debug|Any CPU
		{28444372-CEF4-4A4E-9D00-95C798DC8E48}.Release|Any CPU.ActiveCfg = Release|Any CPU
		{28444372-CEF4-4A4E-9D00-95C798DC8E48}.Release|Any CPU.Build.0 = Release|Any CPU
		{974F1F09-FB79-45A5-AD56-D43B65A0C930}.Debug|Any CPU.ActiveCfg = Debug|Any CPU
		{974F1F09-FB79-45A5-AD56-D43B65A0C930}.Debug|Any CPU.Build.0 = Debug|Any CPU
		{974F1F09-FB79-45A5-AD56-D43B65A0C930}.Release|Any CPU.ActiveCfg = Release|Any CPU
		{974F1F09-FB79-45A5-AD56-D43B65A0C930}.Release|Any CPU.Build.0 = Release|Any CPU
	EndGlobalSection
	GlobalSection(SolutionProperties) = preSolution
		HideSolutionNode = FALSE
	EndGlobalSection
	GlobalSection(ExtensibilityGlobals) = postSolution
		SolutionGuid = {6CC26906-64A6-4A84-AEAA-9C7B9175DDA5}
	EndGlobalSection
EndGlobal
